
Microsoft Visual Studio Solution File, Format Version 12.00
# Visual Studio Version 17
VisualStudioVersion = 17.8.34525.116
MinimumVisualStudioVersion = 10.0.40219.1
Project("{FAE04EC0-301F-11D3-BF4B-00C04F79EFBC}") = "ShoppingCartApp", "ShoppingCartApp.csproj", "{4C4020C8-B8F9-4EB4-841F-0E8D6433B494}"
EndProject
Global
	GlobalSection(SolutionConfigurationPlatforms) = preSolution
		Debug|Any CPU = Debug|Any CPU
		Release|Any CPU = Release|Any CPU
	EndGlobalSection
	GlobalSection(ProjectConfigurationPlatforms) = postSolution
		{4C4020C8-B8F9-4EB4-841F-0E8D6433B494}.Debug|Any CPU.ActiveCfg = Debug|Any CPU
		{4C4020C8-B8F9-4EB4-841F-0E8D6433B494}.Debug|Any CPU.Build.0 = Debug|Any CPU
		{4C4020C8-B8F9-4EB4-841F-0E8D6433B494}.Release|Any CPU.ActiveCfg = Release|Any CPU
		{4C4020C8-B8F9-4EB4-841F-0E8D6433B494}.Release|Any CPU.Build.0 = Release|Any CPU
	EndGlobalSection
	GlobalSection(SolutionProperties) = preSolution
		HideSolutionNode = FALSE
	EndGlobalSection
	GlobalSection(ExtensibilityGlobals) = postSolution
		SolutionGuid = {4A145281-0535-4765-BBB3-91BAA39EAAF1}
	EndGlobalSection
EndGlobal
